[[package]]
name = "ahorcado"
version = "0.1.0"
dependencies = [
 "colored 1.6.1 (registry+https://github.com/rust-lang/crates.io-index)",
 "text_io 0.1.7 (registry+https://github.com/rust-lang/crates.io-index)",
]

[[package]]
name = "colored"
version = "1.6.1"
source = "registry+https://github.com/rust-lang/crates.io-index"
dependencies = [
 "lazy_static 1.0.2 (registry+https://github.com/rust-lang/crates.io-index)",
]

[[package]]
name = "lazy_static"
version = "1.0.2"
source = "registry+https://github.com/rust-lang/crates.io-index"

[[package]]
name = "text_io"
version = "0.1.7"
source = "registry+https://github.com/rust-lang/crates.io-index"

[metadata]
"checksum colored 1.6.1 (registry+https://github.com/rust-lang/crates.io-index)" = "dc0a60679001b62fb628c4da80e574b9645ab4646056d7c9018885efffe45533"
"checksum lazy_static 1.0.2 (registry+https://github.com/rust-lang/crates.io-index)" = "fb497c35d362b6a331cfd94956a07fc2c78a4604cdbee844a81170386b996dd3"
"checksum text_io 0.1.7 (registry+https://github.com/rust-lang/crates.io-index)" = "9658b61ebd1d2a40c276ba2335890b9eb6550b67458a6fbce2022e58c3350a50"
